
Microsoft Visual Studio Solution File, Format Version 12.00
# Visual Studio Version 17
VisualStudioVersion = 17.2.32616.157
MinimumVisualStudioVersion = 10.0.40219.1
Project("{FAE04EC0-301F-11D3-BF4B-00C04F79EFBC}") = "accountingbasic", "accountingbasic\accountingbasic.csproj", "{2F98182D-68C4-4FE6-BF9A-B042149766CF}"
EndProject
Project("{FAE04EC0-301F-11D3-BF4B-00C04F79EFBC}") = "DAL", "DAL\DAL.csproj", "{1ADFB62D-523A-46C0-9C99-720093D58E4A}"
EndProject
Project("{FAE04EC0-301F-11D3-BF4B-00C04F79EFBC}") = "BLL", "BLL\BLL.csproj", "{631C72B3-4EEF-4BDF-B720-0A72E62C0357}"
EndProject
Global
	GlobalSection(SolutionConfigurationPlatforms) = preSolution
		Debug|Any CPU = Debug|Any CPU
		Release|Any CPU = Release|Any CPU
	EndGlobalSection
	GlobalSection(ProjectConfigurationPlatforms) = postSolution
		{2F98182D-68C4-4FE6-BF9A-B042149766CF}.Debug|Any CPU.ActiveCfg = Debug|Any CPU
		{2F98182D-68C4-4FE6-BF9A-B042149766CF}.Debug|Any CPU.Build.0 = Debug|Any CPU
		{2F98182D-68C4-4FE6-BF9A-B042149766CF}.Release|Any CPU.ActiveCfg = Release|Any CPU
		{2F98182D-68C4-4FE6-BF9A-B042149766CF}.Release|Any CPU.Build.0 = Release|Any CPU
		{1ADFB62D-523A-46C0-9C99-720093D58E4A}.Debug|Any CPU.ActiveCfg = Debug|Any CPU
		{1ADFB62D-523A-46C0-9C99-720093D58E4A}.Debug|Any CPU.Build.0 = Debug|Any CPU
		{1ADFB62D-523A-46C0-9C99-720093D58E4A}.Release|Any CPU.ActiveCfg = Release|Any CPU
		{1ADFB62D-523A-46C0-9C99-720093D58E4A}.Release|Any CPU.Build.0 = Release|Any CPU
		{631C72B3-4EEF-4BDF-B720-0A72E62C0357}.Debug|Any CPU.ActiveCfg = Debug|Any CPU
		{631C72B3-4EEF-4BDF-B720-0A72E62C0357}.Debug|Any CPU.Build.0 = Debug|Any CPU
		{631C72B3-4EEF-4BDF-B720-0A72E62C0357}.Release|Any CPU.ActiveCfg = Release|Any CPU
		{631C72B3-4EEF-4BDF-B720-0A72E62C0357}.Release|Any CPU.Build.0 = Release|Any CPU
	EndGlobalSection
	GlobalSection(SolutionProperties) = preSolution
		HideSolutionNode = FALSE
	EndGlobalSection
	GlobalSection(ExtensibilityGlobals) = postSolution
		SolutionGuid = {0C818498-0253-42B1-AE09-144FAF19789C}
	EndGlobalSection
EndGlobal
